// !$*UTF8*$!
{
	archiveVersion = 1;
	classes = {
	};
	objectVersion = 50;
	objects = {

/* Begin PBXBuildFile section */
		147617CD23150300004AB606 /* AppDelegate.swift in Sources */ = {isa = PBXBuildFile; fileRef = 147617CC23150300004AB606 /* AppDelegate.swift */; };
		147617CF23150300004AB606 /* ViewController.swift in Sources */ = {isa = PBXBuildFile; fileRef = 147617CE23150300004AB606 /* ViewController.swift */; };
		147617D223150300004AB606 /* Main.storyboard in Resources */ = {isa = PBXBuildFile; fileRef = 147617D023150300004AB606 /* Main.storyboard */; };
		147617D423150300004AB606 /* Assets.xcassets in Resources */ = {isa = PBXBuildFile; fileRef = 147617D323150300004AB606 /* Assets.xcassets */; };
		147617D723150300004AB606 /* LaunchScreen.storyboard in Resources */ = {isa = PBXBuildFile; fileRef = 147617D523150300004AB606 /* LaunchScreen.storyboard */; };
		147617E223150300004AB606 /* studio1Tests.swift in Sources */ = {isa = PBXBuildFile; fileRef = 147617E123150300004AB606 /* studio1Tests.swift */; };
		147617ED23150301004AB606 /* studio1UITests.swift in Sources */ = {isa = PBXBuildFile; fileRef = 147617EC23150301004AB606 /* studio1UITests.swift */; };
		147617FB231586B2004AB606 /* wustl.jpeg in Resources */ = {isa = PBXBuildFile; fileRef = 147617FA231586B2004AB606 /* wustl.jpeg */; };
/* End PBXBuildFile section */

/* Begin PBXContainerItemProxy section */
		147617DE23150300004AB606 /* PBXContainerItemProxy */ = {
			isa = PBXContainerItemProxy;
			containerPortal = 147617C123150300004AB606 /* Project object */;
			proxyType = 1;
			remoteGlobalIDString = 147617C823150300004AB606;
			remoteInfo = studio1;
		};
		147617E923150301004AB606 /* PBXContainerItemProxy */ = {
			isa = PBXContainerItemProxy;
			containerPortal = 147617C123150300004AB606 /* Project object */;
			proxyType = 1;
			remoteGlobalIDString = 147617C823150300004AB606;
			remoteInfo = studio1;
		};
/* End PBXContainerItemProxy section */

/* Begin PBXFileReference section */
		147617C923150300004AB606 /* studio1.app */ = {isa = PBXFileReference; explicitFileType = wrapper.application; includeInIndex = 0; path = studio1.app; sourceTree = BUILT_PRODUCTS_DIR; };
		147617CC23150300004AB606 /* AppDelegate.swift */ = {isa = PBXFileReference; lastKnownFileType = sourcecode.swift; path = AppDelegate.swift; sourceTree = "<group>"; };
		147617CE23150300004AB606 /* ViewController.swift */ = {isa = PBXFileReference; lastKnownFileType = sourcecode.swift; path = ViewController.swift; sourceTree = "<group>"; };
		147617D123150300004AB606 /* Base */ = {isa = PBXFileReference; lastKnownFileType = file.storyboard; name = Base; path = Base.lproj/Main.storyboard; sourceTree = "<group>"; };
		147617D323150300004AB606 /* Assets.xcassets */ = {isa = PBXFileReference; lastKnownFileType = folder.assetcatalog; path = Assets.xcassets; sourceTree = "<group>"; };
		147617D623150300004AB606 /* Base */ = {isa = PBXFileReference; lastKnownFileType = file.storyboard; name = Base; path = Base.lproj/LaunchScreen.storyboard; sourceTree = "<group>"; };
		147617D823150300004AB606 /* Info.plist */ = {isa = PBXFileReference; lastKnownFileType = text.plist.xml; path = Info.plist; sourceTree = "<group>"; };
		147617DD23150300004AB606 /* studio1Tests.xctest */ = {isa = PBXFileReference; explicitFileType = wrapper.cfbundle; includeInIndex = 0; path = studio1Tests.xctest; sourceTree = BUILT_PRODUCTS_DIR; };
		147617E123150300004AB606 /* studio1Tests.swift */ = {isa = PBXFileReference; lastKnownFileType = sourcecode.swift; path = studio1Tests.swift; sourceTree = "<group>"; };
		147617E323150300004AB606 /* Info.plist */ = {isa = PBXFileReference; lastKnownFileType = text.plist.xml; path = Info.plist; sourceTree = "<group>"; };
		147617E823150301004AB606 /* studio1UITests.xctest */ = {isa = PBXFileReference; explicitFileType = wrapper.cfbundle; includeInIndex = 0; path = studio1UITests.xctest; sourceTree = BUILT_PRODUCTS_DIR; };
		147617EC23150301004AB606 /* studio1UITests.swift */ = {isa = PBXFileReference; lastKnownFileType = sourcecode.swift; path = studio1UITests.swift; sourceTree = "<group>"; };
		147617EE23150301004AB606 /* Info.plist */ = {isa = PBXFileReference; lastKnownFileType = text.plist.xml; path = Info.plist; sourceTree = "<group>"; };
		147617FA231586B2004AB606 /* wustl.jpeg */ = {isa = PBXFileReference; lastKnownFileType = image.jpeg; path = wustl.jpeg; sourceTree = "<group>"; };
/* End PBXFileReference section */

/* Begin PBXFrameworksBuildPhase section */
		147617C623150300004AB606 /* Frameworks */ = {
			isa = PBXFrameworksBuildPhase;
			buildActionMask = 2147483647;
			files = (
			);
			runOnlyForDeploymentPostprocessing = 0;
		};
		147617DA23150300004AB606 /* Frameworks */ = {
			isa = PBXFrameworksBuildPhase;
			buildActionMask = 2147483647;
			files = (
			);
			runOnlyForDeploymentPostprocessing = 0;
		};
		147617E523150301004AB606 /* Frameworks */ = {
			isa = PBXFrameworksBuildPhase;
			buildActionMask = 2147483647;
			files = (
			);
			runOnlyForDeploymentPostprocessing = 0;
		};
/* End PBXFrameworksBuildPhase section */

/* Begin PBXGroup section */
		147617C023150300004AB606 = {
			isa = PBXGroup;
			children = (
				147617CB23150300004AB606 /* studio1 */,
				147617E023150300004AB606 /* studio1Tests */,
				147617EB23150301004AB606 /* studio1UITests */,
				147617CA23150300004AB606 /* Products */,
			);
			sourceTree = "<group>";
		};
		147617CA23150300004AB606 /* Products */ = {
			isa = PBXGroup;
			children = (
				147617C923150300004AB606 /* studio1.app */,
				147617DD23150300004AB606 /* studio1Tests.xctest */,
				147617E823150301004AB606 /* studio1UITests.xctest */,
			);
			name = Products;
			sourceTree = "<group>";
		};
		147617CB23150300004AB606 /* studio1 */ = {
			isa = PBXGroup;
			children = (
				147617CC23150300004AB606 /* AppDelegate.swift */,
				147617CE23150300004AB606 /* ViewController.swift */,
				147617D023150300004AB606 /* Main.storyboard */,
				147617FA231586B2004AB606 /* wustl.jpeg */,
				147617D323150300004AB606 /* Assets.xcassets */,
				147617D523150300004AB606 /* LaunchScreen.storyboard */,
				147617D823150300004AB606 /* Info.plist */,
			);
			path = studio1;
			sourceTree = "<group>";
		};
		147617E023150300004AB606 /* studio1Tests */ = {
			isa = PBXGroup;
			children = (
				147617E123150300004AB606 /* studio1Tests.swift */,
				147617E323150300004AB606 /* Info.plist */,
			);
			path = studio1Tests;
			sourceTree = "<group>";
		};
		147617EB23150301004AB606 /* studio1UITests */ = {
			isa = PBXGroup;
			children = (
				147617EC23150301004AB606 /* studio1UITests.swift */,
				147617EE23150301004AB606 /* Info.plist */,
			);
			path = studio1UITests;
			sourceTree = "<group>";
		};
/* End PBXGroup section */

/* Begin PBXNativeTarget section */
		147617C823150300004AB606 /* studio1 */ = {
			isa = PBXNativeTarget;
			buildConfigurationList = 147617F123150301004AB606 /* Build configuration list for PBXNativeTarget "studio1" */;
			buildPhases = (
				147617C523150300004AB606 /* Sources */,
				147617C623150300004AB606 /* Frameworks */,
				147617C723150300004AB606 /* Resources */,
			);
			buildRules = (
			);
			dependencies = (
			);
			name = studio1;
			productName = studio1;
			productReference = 147617C923150300004AB606 /* studio1.app */;
			productType = "com.apple.product-type.application";
		};
		147617DC23150300004AB606 /* studio1Tests */ = {
			isa = PBXNativeTarget;
			buildConfigurationList = 147617F423150301004AB606 /* Build configuration list for PBXNativeTarget "studio1Tests" */;
			buildPhases = (
				147617D923150300004AB606 /* Sources */,
				147617DA23150300004AB606 /* Frameworks */,
				147617DB23150300004AB606 /* Resources */,
			);
			buildRules = (
			);
			dependencies = (
				147617DF23150300004AB606 /* PBXTargetDependency */,
			);
			name = studio1Tests;
			productName = studio1Tests;
			productReference = 147617DD23150300004AB606 /* studio1Tests.xctest */;
			productType = "com.apple.product-type.bundle.unit-test";
		};
		147617E723150301004AB606 /* studio1UITests */ = {
			isa = PBXNativeTarget;
			buildConfigurationList = 147617F723150301004AB606 /* Build configuration list for PBXNativeTarget "studio1UITests" */;
			buildPhases = (
				147617E423150301004AB606 /* Sources */,
				147617E523150301004AB606 /* Frameworks */,
				147617E623150301004AB606 /* Resources */,
			);
			buildRules = (
			);
			dependencies = (
				147617EA23150301004AB606 /* PBXTargetDependency */,
			);
			name = studio1UITests;
			productName = studio1UITests;
			productReference = 147617E823150301004AB606 /* studio1UITests.xctest */;
			productType = "com.apple.product-type.bundle.ui-testing";
		};
/* End PBXNativeTarget section */

/* Begin PBXProject section */
		147617C123150300004AB606 /* Project object */ = {
			isa = PBXProject;
			attributes = {
				LastSwiftUpdateCheck = 1020;
				LastUpgradeCheck = 1020;
				ORGANIZATIONNAME = "Nikash Taskar";
				TargetAttributes = {
					147617C823150300004AB606 = {
						CreatedOnToolsVersion = 10.2.1;
					};
					147617DC23150300004AB606 = {
						CreatedOnToolsVersion = 10.2.1;
						TestTargetID = 147617C823150300004AB606;
					};
					147617E723150301004AB606 = {
						CreatedOnToolsVersion = 10.2.1;
						TestTargetID = 147617C823150300004AB606;
					};
				};
			};
			buildConfigurationList = 147617C423150300004AB606 /* Build configuration list for PBXProject "studio1" */;
			compatibilityVersion = "Xcode 9.3";
			developmentRegion = en;
			hasScannedForEncodings = 0;
			knownRegions = (
				en,
				Base,
			);
			mainGroup = 147617C023150300004AB606;
			productRefGroup = 147617CA23150300004AB606 /* Products */;
			projectDirPath = "";
			projectRoot = "";
			targets = (
				147617C823150300004AB606 /* studio1 */,
				147617DC23150300004AB606 /* studio1Tests */,
				147617E723150301004AB606 /* studio1UITests */,
			);
		};
/* End PBXProject section */

/* Begin PBXResourcesBuildPhase section */
		147617C723150300004AB606 /* Resources */ = {
			isa = PBXResourcesBuildPhase;
			buildActionMask = 2147483647;
			files = (
				147617D723150300004AB606 /* LaunchScreen.storyboard in Resources */,
				147617FB231586B2004AB606 /* wustl.jpeg in Resources */,
				147617D423150300004AB606 /* Assets.xcassets in Resources */,
				147617D223150300004AB606 /* Main.storyboard in Resources */,
			);
			runOnlyForDeploymentPostprocessing = 0;
		};
		147617DB23150300004AB606 /* Resources */ = {
			isa = PBXResourcesBuildPhase;
			buildActionMask = 2147483647;
			files = (
			);
			runOnlyForDeploymentPostprocessing = 0;
		};
		147617E623150301004AB606 /* Resources */ = {
			isa = PBXResourcesBuildPhase;
			buildActionMask = 2147483647;
			files = (
			);
			runOnlyForDeploymentPostprocessing = 0;
		};
/* End PBXResourcesBuildPhase section */

/* Begin PBXSourcesBuildPhase section */
		147617C523150300004AB606 /* Sources */ = {
			isa = PBXSourcesBuildPhase;
			buildActionMask = 2147483647;
			files = (
				147617CF23150300004AB606 /* ViewController.swift in Sources */,
				147617CD23150300004AB606 /* AppDelegate.swift in Sources */,
			);
			runOnlyForDeploymentPostprocessing = 0;
		};
		147617D923150300004AB606 /* Sources */ = {
			isa = PBXSourcesBuildPhase;
			buildActionMask = 2147483647;
			files = (
				147617E223150300004AB606 /* studio1Tests.swift in Sources */,
			);
			runOnlyForDeploymentPostprocessing = 0;
		};
		147617E423150301004AB606 /* Sources */ = {
			isa = PBXSourcesBuildPhase;
			buildActionMask = 2147483647;
			files = (
				147617ED23150301004AB606 /* studio1UITests.swift in Sources */,
			);
			runOnlyForDeploymentPostprocessing = 0;
		};
/* End PBXSourcesBuildPhase section */

/* Begin PBXTargetDependency section */
		147617DF23150300004AB606 /* PBXTargetDependency */ = {
			isa = PBXTargetDependency;
			target = 147617C823150300004AB606 /* studio1 */;
			targetProxy = 147617DE23150300004AB606 /* PBXContainerItemProxy */;
		};
		147617EA23150301004AB606 /* PBXTargetDependency */ = {
			isa = PBXTargetDependency;
			target = 147617C823150300004AB606 /* studio1 */;
			targetProxy = 147617E923150301004AB606 /* PBXContainerItemProxy */;
		};
/* End PBXTargetDependency section */

/* Begin PBXVariantGroup section */
		147617D023150300004AB606 /* Main.storyboard */ = {
			isa = PBXVariantGroup;
			children = (
				147617D123150300004AB606 /* Base */,
			);
			name = Main.storyboard;
			sourceTree = "<group>";
		};
		147617D523150300004AB606 /* LaunchScreen.storyboard */ = {
			isa = PBXVariantGroup;
			children = (
				147617D623150300004AB606 /* Base */,
			);
			name = LaunchScreen.storyboard;
			sourceTree = "<group>";
		};
/* End PBXVariantGroup section */

/* Begin XCBuildConfiguration section */
		147617EF23150301004AB606 /* Debug */ = {
			isa = XCBuildConfiguration;
			buildSettings = {
				ALWAYS_SEARCH_USER_PATHS = NO;
				CLANG_ANALYZER_NONNULL = YES;
				CLANG_ANALYZER_NUMBER_OBJECT_CONVERSION = YES_AGGRESSIVE;
				CLANG_CXX_LANGUAGE_STANDARD = "gnu++14";
				CLANG_CXX_LIBRARY = "libc++";
				CLANG_ENABLE_MODULES = YES;
				CLANG_ENABLE_OBJC_ARC = YES;
				CLANG_ENABLE_OBJC_WEAK = YES;
				CLANG_WARN_BLOCK_CAPTURE_AUTORELEASING = YES;
				CLANG_WARN_BOOL_CONVERSION = YES;
				CLANG_WARN_COMMA = YES;
				CLANG_WARN_CONSTANT_CONVERSION = YES;
				CLANG_WARN_DEPRECATED_OBJC_IMPLEMENTATIONS = YES;
				CLANG_WARN_DIRECT_OBJC_ISA_USAGE = YES_ERROR;
				CLANG_WARN_DOCUMENTATION_COMMENTS = YES;
				CLANG_WARN_EMPTY_BODY = YES;
				CLANG_WARN_ENUM_CONVERSION = YES;
				CLANG_WARN_INFINITE_RECURSION = YES;
				CLANG_WARN_INT_CONVERSION = YES;
				CLANG_WARN_NON_LITERAL_NULL_CONVERSION = YES;
				CLANG_WARN_OBJC_IMPLICIT_RETAIN_SELF = YES;
				CLANG_WARN_OBJC_LITERAL_CONVERSION = YES;
				CLANG_WARN_OBJC_ROOT_CLASS = YES_ERROR;
				CLANG_WARN_RANGE_LOOP_ANALYSIS = YES;
				CLANG_WARN_STRICT_PROTOTYPES = YES;
				CLANG_WARN_SUSPICIOUS_MOVE = YES;
				CLANG_WARN_UNGUARDED_AVAILABILITY = YES_AGGRESSIVE;
				CLANG_WARN_UNREACHABLE_CODE = YES;
				CLANG_WARN__DUPLICATE_METHOD_MATCH = YES;
				CODE_SIGN_IDENTITY = "iPhone Developer";
				COPY_PHASE_STRIP = NO;
				DEBUG_INFORMATION_FORMAT = dwarf;
				ENABLE_STRICT_OBJC_MSGSEND = YES;
				ENABLE_TESTABILITY = YES;
				GCC_C_LANGUAGE_STANDARD = gnu11;
				GCC_DYNAMIC_NO_PIC = NO;
				GCC_NO_COMMON_BLOCKS = YES;
				GCC_OPTIMIZATION_LEVEL = 0;
				GCC_PREPROCESSOR_DEFINITIONS = (
					"DEBUG=1",
					"$(inherited)",
				);
				GCC_WARN_64_TO_32_BIT_CONVERSION = YES;
				GCC_WARN_ABOUT_RETURN_TYPE = YES_ERROR;
				GCC_WARN_UNDECLARED_SELECTOR = YES;
				GCC_WARN_UNINITIALIZED_AUTOS = YES_AGGRESSIVE;
				GCC_WARN_UNUSED_FUNCTION = YES;
				GCC_WARN_UNUSED_VARIABLE = YES;
				IPHONEOS_DEPLOYMENT_TARGET = 12.2;
				MTL_ENABLE_DEBUG_INFO = INCLUDE_SOURCE;
				MTL_FAST_MATH = YES;
				ONLY_ACTIVE_ARCH = YES;
				SDKROOT = iphoneos;
				SWIFT_ACTIVE_COMPILATION_CONDITIONS = DEBUG;
				SWIFT_OPTIMIZATION_LEVEL = "-Onone";
			};
			name = Debug;
		};
		147617F023150301004AB606 /* Release */ = {
			isa = XCBuildConfiguration;
			buildSettings = {
				ALWAYS_SEARCH_USER_PATHS = NO;
				CLANG_ANALYZER_NONNULL = YES;
				CLANG_ANALYZER_NUMBER_OBJECT_CONVERSION = YES_AGGRESSIVE;
				CLANG_CXX_LANGUAGE_STANDARD = "gnu++14";
				CLANG_CXX_LIBRARY = "libc++";
				CLANG_ENABLE_MODULES = YES;
				CLANG_ENABLE_OBJC_ARC = YES;
				CLANG_ENABLE_OBJC_WEAK = YES;
				CLANG_WARN_BLOCK_CAPTURE_AUTORELEASING = YES;
				CLANG_WARN_BOOL_CONVERSION = YES;
				CLANG_WARN_COMMA = YES;
				CLANG_WARN_CONSTANT_CONVERSION = YES;
				CLANG_WARN_DEPRECATED_OBJC_IMPLEMENTATIONS = YES;
				CLANG_WARN_DIRECT_OBJC_ISA_USAGE = YES_ERROR;
				CLANG_WARN_DOCUMENTATION_COMMENTS = YES;
				CLANG_WARN_EMPTY_BODY = YES;
				CLANG_WARN_ENUM_CONVERSION = YES;
				CLANG_WARN_INFINITE_RECURSION = YES;
				CLANG_WARN_INT_CONVERSION = YES;
				CLANG_WARN_NON_LITERAL_NULL_CONVERSION = YES;
				CLANG_WARN_OBJC_IMPLICIT_RETAIN_SELF = YES;
				CLANG_WARN_OBJC_LITERAL_CONVERSION = YES;
				CLANG_WARN_OBJC_ROOT_CLASS = YES_ERROR;
				CLANG_WARN_RANGE_LOOP_ANALYSIS = YES;
				CLANG_WARN_STRICT_PROTOTYPES = YES;
				CLANG_WARN_SUSPICIOUS_MOVE = YES;
				CLANG_WARN_UNGUARDED_AVAILABILITY = YES_AGGRESSIVE;
				CLANG_WARN_UNREACHABLE_CODE = YES;
				CLANG_WARN__DUPLICATE_METHOD_MATCH = YES;
				CODE_SIGN_IDENTITY = "iPhone Developer";
				COPY_PHASE_STRIP = NO;
				DEBUG_INFORMATION_FORMAT = "dwarf-with-dsym";
				ENABLE_NS_ASSERTIONS = NO;
				ENABLE_STRICT_OBJC_MSGSEND = YES;
				GCC_C_LANGUAGE_STANDARD = gnu11;
				GCC_NO_COMMON_BLOCKS = YES;
				GCC_WARN_64_TO_32_BIT_CONVERSION = YES;
				GCC_WARN_ABOUT_RETURN_TYPE = YES_ERROR;
				GCC_WARN_UNDECLARED_SELECTOR = YES;
				GCC_WARN_UNINITIALIZED_AUTOS = YES_AGGRESSIVE;
				GCC_WARN_UNUSED_FUNCTION = YES;
				GCC_WARN_UNUSED_VARIABLE = YES;
				IPHONEOS_DEPLOYMENT_TARGET = 12.2;
				MTL_ENABLE_DEBUG_INFO = NO;
				MTL_FAST_MATH = YES;
				SDKROOT = iphoneos;
				SWIFT_COMPILATION_MODE = wholemodule;
				SWIFT_OPTIMIZATION_LEVEL = "-O";
				VALIDATE_PRODUCT = YES;
			};
			name = Release;
		};
		147617F223150301004AB606 /* Debug */ = {
			isa = XCBuildConfiguration;
			buildSettings = {
				ASSETCATALOG_COMPILER_APPICON_NAME = AppIcon;
				CODE_SIGN_STYLE = Automatic;
				INFOPLIST_FILE = studio1/Info.plist;
				LD_RUNPATH_SEARCH_PATHS = (
					"$(inherited)",
					"@executable_path/Frameworks",
				);
				PRODUCT_BUNDLE_IDENTIFIER = cse438.studio1;
				PRODUCT_NAME = "$(TARGET_NAME)";
				SWIFT_VERSION = 5.0;
				TARGETED_DEVICE_FAMILY = "1,2";
			};
			name = Debug;
		};
		147617F323150301004AB606 /* Release */ = {
			isa = XCBuildConfiguration;
			buildSettings = {
				ASSETCATALOG_COMPILER_APPICON_NAME = AppIcon;
				CODE_SIGN_STYLE = Automatic;
				INFOPLIST_FILE = studio1/Info.plist;
				LD_RUNPATH_SEARCH_PATHS = (
					"$(inherited)",
					"@executable_path/Frameworks",
				);
				PRODUCT_BUNDLE_IDENTIFIER = cse438.studio1;
				PRODUCT_NAME = "$(TARGET_NAME)";
				SWIFT_VERSION = 5.0;
				TARGETED_DEVICE_FAMILY = "1,2";
			};
			name = Release;
		};
		147617F523150301004AB606 /* Debug */ = {
			isa = XCBuildConfiguration;
			buildSettings = {
				ALWAYS_EMBED_SWIFT_STANDARD_LIBRARIES = YES;
				BUNDLE_LOADER = "$(TEST_HOST)";
				CODE_SIGN_STYLE = Automatic;
				INFOPLIST_FILE = studio1Tests/Info.plist;
				LD_RUNPATH_SEARCH_PATHS = (
					"$(inherited)",
					"@executable_path/Frameworks",
					"@loader_path/Frameworks",
				);
				PRODUCT_BUNDLE_IDENTIFIER = cse438.studio1Tests;
				PRODUCT_NAME = "$(TARGET_NAME)";
				SWIFT_VERSION = 5.0;
				TARGETED_DEVICE_FAMILY = "1,2";
				TEST_HOST = "$(BUILT_PRODUCTS_DIR)/studio1.app/studio1";
			};
			name = Debug;
		};
		147617F623150301004AB606 /* Release */ = {
			isa = XCBuildConfiguration;
			buildSettings = {
				ALWAYS_EMBED_SWIFT_STANDARD_LIBRARIES = YES;
				BUNDLE_LOADER = "$(TEST_HOST)";
				CODE_SIGN_STYLE = Automatic;
				INFOPLIST_FILE = studio1Tests/Info.plist;
				LD_RUNPATH_SEARCH_PATHS = (
					"$(inherited)",
					"@executable_path/Frameworks",
					"@loader_path/Frameworks",
				);
				PRODUCT_BUNDLE_IDENTIFIER = cse438.studio1Tests;
				PRODUCT_NAME = "$(TARGET_NAME)";
				SWIFT_VERSION = 5.0;
				TARGETED_DEVICE_FAMILY = "1,2";
				TEST_HOST = "$(BUILT_PRODUCTS_DIR)/studio1.app/studio1";
			};
			name = Release;
		};
		147617F823150301004AB606 /* Debug */ = {
			isa = XCBuildConfiguration;
			buildSettings = {
				ALWAYS_EMBED_SWIFT_STANDARD_LIBRARIES = YES;
				CODE_SIGN_STYLE = Automatic;
				INFOPLIST_FILE = studio1UITests/Info.plist;
				LD_RUNPATH_SEARCH_PATHS = (
					"$(inherited)",
					"@executable_path/Frameworks",
					"@loader_path/Frameworks",
				);
				PRODUCT_BUNDLE_IDENTIFIER = cse438.studio1UITests;
				PRODUCT_NAME = "$(TARGET_NAME)";
				SWIFT_VERSION = 5.0;
				TARGETED_DEVICE_FAMILY = "1,2";
				TEST_TARGET_NAME = studio1;
			};
			name = Debug;
		};
		147617F923150301004AB606 /* Release */ = {
			isa = XCBuildConfiguration;
			buildSettings = {
				ALWAYS_EMBED_SWIFT_STANDARD_LIBRARIES = YES;
				CODE_SIGN_STYLE = Automatic;
				INFOPLIST_FILE = studio1UITests/Info.plist;
				LD_RUNPATH_SEARCH_PATHS = (
					"$(inherited)",
					"@executable_path/Frameworks",
					"@loader_path/Frameworks",
				);
				PRODUCT_BUNDLE_IDENTIFIER = cse438.studio1UITests;
				PRODUCT_NAME = "$(TARGET_NAME)";
				SWIFT_VERSION = 5.0;
				TARGETED_DEVICE_FAMILY = "1,2";
				TEST_TARGET_NAME = studio1;
			};
			name = Release;
		};
/* End XCBuildConfiguration section */

/* Begin XCConfigurationList section */
		147617C423150300004AB606 /* Build configuration list for PBXProject "studio1" */ = {
			isa = XCConfigurationList;
			buildConfigurations = (
				147617EF23150301004AB606 /* Debug */,
				147617F023150301004AB606 /* Release */,
			);
			defaultConfigurationIsVisible = 0;
			defaultConfigurationName = Release;
		};
		147617F123150301004AB606 /* Build configuration list for PBXNativeTarget "studio1" */ = {
			isa = XCConfigurationList;
			buildConfigurations = (
				147617F223150301004AB606 /* Debug */,
				147617F323150301004AB606 /* Release */,
			);
			defaultConfigurationIsVisible = 0;
			defaultConfigurationName = Release;
		};
		147617F423150301004AB606 /* Build configuration list for PBXNativeTarget "studio1Tests" */ = {
			isa = XCConfigurationList;
			buildConfigurations = (
				147617F523150301004AB606 /* Debug */,
				147617F623150301004AB606 /* Release */,
			);
			defaultConfigurationIsVisible = 0;
			defaultConfigurationName = Release;
		};
		147617F723150301004AB606 /* Build configuration list for PBXNativeTarget "studio1UITests" */ = {
			isa = XCConfigurationList;
			buildConfigurations = (
				147617F823150301004AB606 /* Debug */,
				147617F923150301004AB606 /* Release */,
			);
			defaultConfigurationIsVisible = 0;
			defaultConfigurationName = Release;
		};
/* End XCConfigurationList section */
	};
	rootObject = 147617C123150300004AB606 /* Project object */;
}
